schema: '2.0'
stages:
  preprocess:
    cmd: python3 src/data/preprocess.py --input data/raw.csv --output data/processed.csv
    deps:
    - path: data/raw.csv
      hash: md5
      md5: fff4eefedf85e4d91c17a7fab28b3bc6
      size: 336
    - path: src/data/preprocess.py
      hash: md5
      md5: 114e44995ec122bd6f51035188892caa
      size: 1498
    outs:
    - path: data/processed.csv
      hash: md5
      md5: 8e77d95017390bedd3bc51da370fb0ec
      size: 1256
  train:
    cmd: python3 src/models/train.py --data data/processed.csv --output models/model.pkl
    deps:
    - path: data/processed.csv
      hash: md5
      md5: 8e77d95017390bedd3bc51da370fb0ec
      size: 1256
    - path: src/models/train.py
      hash: md5
      md5: f8bc9ac3498adf8966d1fe04a987f224
      size: 1824
    outs:
    - path: models/model.pkl
      hash: md5
      md5: fa6ccd40ae1a9edf6806bb45ae50a531
      size: 67350
